
Microsoft Visual Studio Solution File, Format Version 11.00
# Visual Studio 2010
Project("{CC5FD16D-436D-48AD-A40C-5A424C6E3E79}") = "PictureServiceProject", "PictureServiceProject\PictureServiceProject.ccproj", "{73EAE063-9918-4521-BE8C-55ADC3C6253D}"
EndProject
Project("{FAE04EC0-301F-11D3-BF4B-00C04F79EFBC}") = "PictureServiceWebRole", "PictureServiceWebRole\PictureServiceWebRole.csproj", "{A075757D-6C5E-471E-97B0-7ECA2B415EE1}"
EndProject
Global
	GlobalSection(SolutionConfigurationPlatforms) = preSolution
		Debug|Any CPU = Debug|Any CPU
		Release|Any CPU = Release|Any CPU
	EndGlobalSection
	GlobalSection(ProjectConfigurationPlatforms) = postSolution
		{73EAE063-9918-4521-BE8C-55ADC3C6253D}.Debug|Any CPU.ActiveCfg = Debug|Any CPU
		{73EAE063-9918-4521-BE8C-55ADC3C6253D}.Debug|Any CPU.Build.0 = Debug|Any CPU
		{73EAE063-9918-4521-BE8C-55ADC3C6253D}.Release|Any CPU.ActiveCfg = Release|Any CPU
		{73EAE063-9918-4521-BE8C-55ADC3C6253D}.Release|Any CPU.Build.0 = Release|Any CPU
		{A075757D-6C5E-471E-97B0-7ECA2B415EE1}.Debug|Any CPU.ActiveCfg = Debug|Any CPU
		{A075757D-6C5E-471E-97B0-7ECA2B415EE1}.Debug|Any CPU.Build.0 = Debug|Any CPU
		{A075757D-6C5E-471E-97B0-7ECA2B415EE1}.Release|Any CPU.ActiveCfg = Release|Any CPU
		{A075757D-6C5E-471E-97B0-7ECA2B415EE1}.Release|Any CPU.Build.0 = Release|Any CPU
	EndGlobalSection
	GlobalSection(SolutionProperties) = preSolution
		HideSolutionNode = FALSE
	EndGlobalSection
EndGlobal
